
Microsoft Visual Studio Solution File, Format Version 12.00
# Visual Studio Version 16
VisualStudioVersion = 16.0.29306.81
MinimumVisualStudioVersion = 10.0.40219.1
Project("{FAE04EC0-301F-11D3-BF4B-00C04F79EFBC}") = "Lab2.1", "Lab2.1\Lab2.1.csproj", "{77B1F04B-A028-4D14-976D-8CD5D096D987}"
EndProject
Global
	GlobalSection(SolutionConfigurationPlatforms) = preSolution
		Debug|Any CPU = Debug|Any CPU
		Release|Any CPU = Release|Any CPU
	EndGlobalSection
	GlobalSection(ProjectConfigurationPlatforms) = postSolution
		{77B1F04B-A028-4D14-976D-8CD5D096D987}.Debug|Any CPU.ActiveCfg = Debug|Any CPU
		{77B1F04B-A028-4D14-976D-8CD5D096D987}.Debug|Any CPU.Build.0 = Debug|Any CPU
		{77B1F04B-A028-4D14-976D-8CD5D096D987}.Release|Any CPU.ActiveCfg = Release|Any CPU
		{77B1F04B-A028-4D14-976D-8CD5D096D987}.Release|Any CPU.Build.0 = Release|Any CPU
	EndGlobalSection
	GlobalSection(SolutionProperties) = preSolution
		HideSolutionNode = FALSE
	EndGlobalSection
	GlobalSection(ExtensibilityGlobals) = postSolution
		SolutionGuid = {3860A9D8-F38A-4CDF-AFC4-6699A3D36E7A}
	EndGlobalSection
EndGlobal
